
Microsoft Visual Studio Solution File, Format Version 12.00
# Visual Studio Version 17
VisualStudioVersion = 17.2.32630.192
MinimumVisualStudioVersion = 10.0.40219.1
Project("{9A19103F-16F7-4668-BE54-9A1E7A4F7556}") = "IMAP server", "IMAP server\IMAP server.csproj", "{D7689EA0-FA69-4BF9-9FC5-A4B1A9FFBDBD}"
EndProject
Project("{9A19103F-16F7-4668-BE54-9A1E7A4F7556}") = "IMAPServerGui", "IMAPServerGui\IMAPServerGui.csproj", "{D935E04D-ABBE-4527-A63E-1DD0826ED28A}"
	ProjectSection(ProjectDependencies) = postProject
		{D7689EA0-FA69-4BF9-9FC5-A4B1A9FFBDBD} = {D7689EA0-FA69-4BF9-9FC5-A4B1A9FFBDBD}
	EndProjectSection
EndProject
Global
	GlobalSection(SolutionConfigurationPlatforms) = preSolution
		Debug|Any CPU = Debug|Any CPU
		Release|Any CPU = Release|Any CPU
	EndGlobalSection
	GlobalSection(ProjectConfigurationPlatforms) = postSolution
		{D7689EA0-FA69-4BF9-9FC5-A4B1A9FFBDBD}.Debug|Any CPU.ActiveCfg = Debug|Any CPU
		{D7689EA0-FA69-4BF9-9FC5-A4B1A9FFBDBD}.Debug|Any CPU.Build.0 = Debug|Any CPU
		{D7689EA0-FA69-4BF9-9FC5-A4B1A9FFBDBD}.Release|Any CPU.ActiveCfg = Release|Any CPU
		{D7689EA0-FA69-4BF9-9FC5-A4B1A9FFBDBD}.Release|Any CPU.Build.0 = Release|Any CPU
		{D935E04D-ABBE-4527-A63E-1DD0826ED28A}.Debug|Any CPU.ActiveCfg = Debug|Any CPU
		{D935E04D-ABBE-4527-A63E-1DD0826ED28A}.Debug|Any CPU.Build.0 = Debug|Any CPU
		{D935E04D-ABBE-4527-A63E-1DD0826ED28A}.Release|Any CPU.ActiveCfg = Release|Any CPU
		{D935E04D-ABBE-4527-A63E-1DD0826ED28A}.Release|Any CPU.Build.0 = Release|Any CPU
	EndGlobalSection
	GlobalSection(SolutionProperties) = preSolution
		HideSolutionNode = FALSE
	EndGlobalSection
	GlobalSection(ExtensibilityGlobals) = postSolution
		SolutionGuid = {94A0CCA5-63F5-4199-A5DC-289D33EEBD03}
	EndGlobalSection
EndGlobal
